{
  "version": 4,
  "terraform_version": "1.4.5",
  "serial": 48,
  "lineage": "8e6c7aee-a60a-b97e-36bf-fa1b934446df",
  "outputs": {},
  "resources": [
    {
      "mode": "managed",
      "type": "aws_instance",
      "name": "team2_final_assignment",
      "provider": "provider[\"registry.terraform.io/hashicorp/aws\"]",
      "instances": [
        {
          "schema_version": 1,
          "attributes": {
            "ami": "ami-007855ac798b5175e",
            "arn": "arn:aws:ec2:us-east-1:292346113978:instance/i-0f391c3338fb0b394",
            "associate_public_ip_address": true,
            "availability_zone": "us-east-1c",
            "capacity_reservation_specification": [
              {
                "capacity_reservation_preference": "open",
                "capacity_reservation_target": []
              }
            ],
            "cpu_core_count": 1,
            "cpu_threads_per_core": 2,
            "credit_specification": [
              {
                "cpu_credits": "unlimited"
              }
            ],
            "disable_api_stop": false,
            "disable_api_termination": false,
            "ebs_block_device": [],
            "ebs_optimized": false,
            "enclave_options": [
              {
                "enabled": false
              }
            ],
            "ephemeral_block_device": [],
            "get_password_data": false,
            "hibernation": false,
            "host_id": "",
            "host_resource_group_arn": null,
            "iam_instance_profile": "",
            "id": "i-0f391c3338fb0b394",
            "instance_initiated_shutdown_behavior": "stop",
            "instance_state": "running",
            "instance_type": "t3.micro",
            "ipv6_address_count": 0,
            "ipv6_addresses": [],
            "key_name": "daiva_key_pair",
            "launch_template": [],
            "maintenance_options": [
              {
                "auto_recovery": "default"
              }
            ],
            "metadata_options": [
              {
                "http_endpoint": "enabled",
                "http_put_response_hop_limit": 1,
                "http_tokens": "optional",
                "instance_metadata_tags": "disabled"
              }
            ],
            "monitoring": false,
            "network_interface": [],
            "outpost_arn": "",
            "password_data": "",
            "placement_group": "",
            "placement_partition_number": 0,
            "primary_network_interface_id": "eni-0c216025abaabb5e9",
            "private_dns": "ip-172-31-28-85.ec2.internal",
            "private_dns_name_options": [
              {
                "enable_resource_name_dns_a_record": false,
                "enable_resource_name_dns_aaaa_record": false,
                "hostname_type": "ip-name"
              }
            ],
            "private_ip": "172.31.28.85",
            "public_dns": "ec2-100-26-58-240.compute-1.amazonaws.com",
            "public_ip": "100.26.58.240",
            "root_block_device": [
              {
                "delete_on_termination": true,
                "device_name": "/dev/sda1",
                "encrypted": false,
                "iops": 100,
                "kms_key_id": "",
                "tags": {},
                "throughput": 0,
                "volume_id": "vol-0744df057d19218ca",
                "volume_size": 8,
                "volume_type": "gp2"
              }
            ],
            "secondary_private_ips": [],
            "security_groups": [
              "team2_security_group"
            ],
            "source_dest_check": true,
            "subnet_id": "subnet-0d72122bedd35d2f3",
            "tags": {
              "Name": "team2_instance"
            },
            "tags_all": {
              "Name": "team2_instance"
            },
            "tenancy": "default",
            "timeouts": null,
            "user_data": null,
            "user_data_base64": null,
            "user_data_replace_on_change": false,
            "volume_tags": null,
            "vpc_security_group_ids": [
              "sg-028ea927a5ce3bbb9"
            ]
          },
          "sensitive_attributes": [],
          "private": "eyJlMmJmYjczMC1lY2FhLTExZTYtOGY4OC0zNDM2M2JjN2M0YzAiOnsiY3JlYXRlIjo2MDAwMDAwMDAwMDAsImRlbGV0ZSI6MTIwMDAwMDAwMDAwMCwidXBkYXRlIjo2MDAwMDAwMDAwMDB9LCJzY2hlbWFfdmVyc2lvbiI6IjEifQ==",
          "dependencies": [
            "aws_key_pair.team2_final_assignment_key_pair",
            "aws_security_group.team2_final_assignment_security_group"
          ]
        }
      ]
    },
    {
      "mode": "managed",
      "type": "aws_key_pair",
      "name": "team2_final_assignment_key_pair",
      "provider": "provider[\"registry.terraform.io/hashicorp/aws\"]",
      "instances": [
        {
          "schema_version": 1,
          "attributes": {
            "arn": "arn:aws:ec2:us-east-1:292346113978:key-pair/daiva_key_pair",
            "fingerprint": "33:c5:71:75:fd:b3:82:cb:ae:d6:5b:a6:6b:f8:0e:34",
            "id": "daiva_key_pair",
            "key_name": "daiva_key_pair",
            "key_name_prefix": "",
            "key_pair_id": "key-02f8a96bd6293f57c",
            "key_type": "rsa",
            "public_key": "ssh-rsa AAAAB3NzaC1yc2EAAAADAQABAAACAQCUXC503QEML4/mWcahSxE6wzbXEoROew1EAuAuAoEH2hhiSuyfhmiXWPWPRTL2kae0f3HTuFYKEr+UNIXMNhKUo6johoZvs7H0kX1+1hnqPN5L+wwinHTawLdHOXS2IIw3NBYw6QkmAb+P3Et9+H6Ij8bDEh49q2dlrDfpuctlOuUkV8kXldmUEpQrMiYO5EpF4kgyiRjD9S4M9SJR4lr+0IXRwwEKhTYpjrmCN0rLDnnDUD/Hjxck83T5XKS0RqEnigoU+v4czTqduCg29P3mC7YOF7reSysG5eC3RbkOw7hrZOWmdOM4sJiiePdt/pLMG/o7dP6yssACEdX7cgmG5rjenzeVudHs+g6qbtnS/qdqY7viBeWno6HLV10PzlF5lMv+zu9X21D6/jX3EtMtAFKFGcuWb2B44sojN8TJOPTVof4a9pA8/zaimb8APw9m1KgNxOxZRjoJb6tPrFwYki5f5X0FeN35EgtlZE73jUcdkHW5Wo2ST6/K7hwlsPhCDm2i4vQVXYuGdDSBzdhmHe8LjOZiX+hDNtnRKWjM4I4yhoY5pmFl2O8CRiDHZCdLWE3CbZFuB2zLMRrpuNnBLNCfJpDdnK199p6RKM3wP2gS3bBWgJfG3iwHOc+yL2mjFqCkeu8bEzLuLHGY5iFcu3eWDFDWFWDBvdHX2Ywj/Q== stdaiva@gmail.com",
            "tags": null,
            "tags_all": {}
          },
          "sensitive_attributes": [],
          "private": "eyJzY2hlbWFfdmVyc2lvbiI6IjEifQ=="
        }
      ]
    },
    {
      "mode": "managed",
      "type": "aws_security_group",
      "name": "team2_final_assignment_security_group",
      "provider": "provider[\"registry.terraform.io/hashicorp/aws\"]",
      "instances": [
        {
          "schema_version": 1,
          "attributes": {
            "arn": "arn:aws:ec2:us-east-1:292346113978:security-group/sg-028ea927a5ce3bbb9",
            "description": "Managed by Terraform",
            "egress": [],
            "id": "sg-028ea927a5ce3bbb9",
            "ingress": [
              {
                "cidr_blocks": [
                  "0.0.0.0/0"
                ],
                "description": "",
                "from_port": 22,
                "ipv6_cidr_blocks": [],
                "prefix_list_ids": [],
                "protocol": "tcp",
                "security_groups": [],
                "self": false,
                "to_port": 22
              },
              {
                "cidr_blocks": [
                  "0.0.0.0/0"
                ],
                "description": "",
                "from_port": 8000,
                "ipv6_cidr_blocks": [],
                "prefix_list_ids": [],
                "protocol": "tcp",
                "security_groups": [],
                "self": false,
                "to_port": 8000
              }
            ],
            "name": "team2_security_group",
            "name_prefix": "",
            "owner_id": "292346113978",
            "revoke_rules_on_delete": false,
            "tags": null,
            "tags_all": {},
            "timeouts": null,
            "vpc_id": "vpc-0e83ad39231149373"
          },
          "sensitive_attributes": [],
          "private": "eyJlMmJmYjczMC1lY2FhLTExZTYtOGY4OC0zNDM2M2JjN2M0YzAiOnsiY3JlYXRlIjo2MDAwMDAwMDAwMDAsImRlbGV0ZSI6OTAwMDAwMDAwMDAwfSwic2NoZW1hX3ZlcnNpb24iOiIxIn0="
        }
      ]
    }
  ],
  "check_results": null
}
